
Microsoft Visual Studio Solution File, Format Version 12.00
Project("{FAE04EC0-301F-11D3-BF4B-00C04F79EFBC}") = "Day7", "Day7\Day7.csproj", "{7D11ED6F-0E86-47DD-966C-619A7CED28EA}"
EndProject
Project("{FAE04EC0-301F-11D3-BF4B-00C04F79EFBC}") = "Day9", "Day9\Day9.csproj", "{253F4407-268F-45F9-B9F6-6468D0ACCD85}"
EndProject
Project("{FAE04EC0-301F-11D3-BF4B-00C04F79EFBC}") = "Day10", "Day10\Day10.csproj", "{9645B079-B458-4C1B-878E-0000505C76DD}"
EndProject
Project("{FAE04EC0-301F-11D3-BF4B-00C04F79EFBC}") = "Day11", "Day11\Day11.csproj", "{7FC701EC-DB81-4976-ADE2-B589E3933677}"
EndProject
Project("{FAE04EC0-301F-11D3-BF4B-00C04F79EFBC}") = "Day12", "Day12\Day12.csproj", "{16BEDF5A-AFCD-49B2-A459-225A269B3470}"
EndProject
Project("{FAE04EC0-301F-11D3-BF4B-00C04F79EFBC}") = "Day13", "Day13\Day13.csproj", "{315F2D3E-E99D-4BC8-903A-68899640222E}"
EndProject
Project("{FAE04EC0-301F-11D3-BF4B-00C04F79EFBC}") = "Day14", "Day14\Day14.csproj", "{F7CFDD28-E424-4268-B574-50CDC50A9D82}"
EndProject
Project("{FAE04EC0-301F-11D3-BF4B-00C04F79EFBC}") = "Day15", "Day15\Day15.csproj", "{B381A403-D282-4FF0-B00A-A3AF24DA9E42}"
EndProject
Project("{FAE04EC0-301F-11D3-BF4B-00C04F79EFBC}") = "Day18", "Day18\Day18.csproj", "{D44F396E-F22C-4F7B-96F3-A95242D6239D}"
EndProject
Project("{FAE04EC0-301F-11D3-BF4B-00C04F79EFBC}") = "Day20", "Day20\Day20.csproj", "{FC7FE652-96BB-47E2-8498-4BEAC3259FAD}"
EndProject
Project("{FAE04EC0-301F-11D3-BF4B-00C04F79EFBC}") = "Day17", "Day17\Day17.csproj", "{EAF99E49-0953-4B57-AF51-8015A415A332}"
EndProject
Project("{FAE04EC0-301F-11D3-BF4B-00C04F79EFBC}") = "Day21", "Day21\Day21.csproj", "{DBEC5215-9D5B-48E4-9745-4D522BFAF103}"
EndProject
Project("{FAE04EC0-301F-11D3-BF4B-00C04F79EFBC}") = "Day22", "Day22\Day22.csproj", "{80862B89-C452-40B3-B53E-CB13B0715FE4}"
EndProject
Project("{FAE04EC0-301F-11D3-BF4B-00C04F79EFBC}") = "Day23", "Day23\Day23.csproj", "{C776FA74-CBD6-42AF-AA71-58B29844B3BB}"
EndProject
Project("{FAE04EC0-301F-11D3-BF4B-00C04F79EFBC}") = "Day24", "Day24\Day24.csproj", "{AE90B80B-CCBC-4BA2-BCE5-F1EA9A4628EB}"
EndProject
Global
	GlobalSection(SolutionConfigurationPlatforms) = preSolution
		Debug|Any CPU = Debug|Any CPU
		Release|Any CPU = Release|Any CPU
	EndGlobalSection
	GlobalSection(ProjectConfigurationPlatforms) = postSolution
		{7D11ED6F-0E86-47DD-966C-619A7CED28EA}.Debug|Any CPU.ActiveCfg = Debug|Any CPU
		{7D11ED6F-0E86-47DD-966C-619A7CED28EA}.Debug|Any CPU.Build.0 = Debug|Any CPU
		{7D11ED6F-0E86-47DD-966C-619A7CED28EA}.Release|Any CPU.ActiveCfg = Release|Any CPU
		{7D11ED6F-0E86-47DD-966C-619A7CED28EA}.Release|Any CPU.Build.0 = Release|Any CPU
		{253F4407-268F-45F9-B9F6-6468D0ACCD85}.Debug|Any CPU.ActiveCfg = Debug|Any CPU
		{253F4407-268F-45F9-B9F6-6468D0ACCD85}.Debug|Any CPU.Build.0 = Debug|Any CPU
		{253F4407-268F-45F9-B9F6-6468D0ACCD85}.Release|Any CPU.ActiveCfg = Release|Any CPU
		{253F4407-268F-45F9-B9F6-6468D0ACCD85}.Release|Any CPU.Build.0 = Release|Any CPU
		{9645B079-B458-4C1B-878E-0000505C76DD}.Debug|Any CPU.ActiveCfg = Debug|Any CPU
		{9645B079-B458-4C1B-878E-0000505C76DD}.Debug|Any CPU.Build.0 = Debug|Any CPU
		{9645B079-B458-4C1B-878E-0000505C76DD}.Release|Any CPU.ActiveCfg = Release|Any CPU
		{9645B079-B458-4C1B-878E-0000505C76DD}.Release|Any CPU.Build.0 = Release|Any CPU
		{7FC701EC-DB81-4976-ADE2-B589E3933677}.Debug|Any CPU.ActiveCfg = Debug|Any CPU
		{7FC701EC-DB81-4976-ADE2-B589E3933677}.Debug|Any CPU.Build.0 = Debug|Any CPU
		{7FC701EC-DB81-4976-ADE2-B589E3933677}.Release|Any CPU.ActiveCfg = Release|Any CPU
		{7FC701EC-DB81-4976-ADE2-B589E3933677}.Release|Any CPU.Build.0 = Release|Any CPU
		{16BEDF5A-AFCD-49B2-A459-225A269B3470}.Debug|Any CPU.ActiveCfg = Debug|Any CPU
		{16BEDF5A-AFCD-49B2-A459-225A269B3470}.Debug|Any CPU.Build.0 = Debug|Any CPU
		{16BEDF5A-AFCD-49B2-A459-225A269B3470}.Release|Any CPU.ActiveCfg = Release|Any CPU
		{16BEDF5A-AFCD-49B2-A459-225A269B3470}.Release|Any CPU.Build.0 = Release|Any CPU
		{315F2D3E-E99D-4BC8-903A-68899640222E}.Debug|Any CPU.ActiveCfg = Debug|Any CPU
		{315F2D3E-E99D-4BC8-903A-68899640222E}.Debug|Any CPU.Build.0 = Debug|Any CPU
		{315F2D3E-E99D-4BC8-903A-68899640222E}.Release|Any CPU.ActiveCfg = Release|Any CPU
		{315F2D3E-E99D-4BC8-903A-68899640222E}.Release|Any CPU.Build.0 = Release|Any CPU
		{F7CFDD28-E424-4268-B574-50CDC50A9D82}.Debug|Any CPU.ActiveCfg = Debug|Any CPU
		{F7CFDD28-E424-4268-B574-50CDC50A9D82}.Debug|Any CPU.Build.0 = Debug|Any CPU
		{F7CFDD28-E424-4268-B574-50CDC50A9D82}.Release|Any CPU.ActiveCfg = Release|Any CPU
		{F7CFDD28-E424-4268-B574-50CDC50A9D82}.Release|Any CPU.Build.0 = Release|Any CPU
		{B381A403-D282-4FF0-B00A-A3AF24DA9E42}.Debug|Any CPU.ActiveCfg = Debug|Any CPU
		{B381A403-D282-4FF0-B00A-A3AF24DA9E42}.Debug|Any CPU.Build.0 = Debug|Any CPU
		{B381A403-D282-4FF0-B00A-A3AF24DA9E42}.Release|Any CPU.ActiveCfg = Release|Any CPU
		{B381A403-D282-4FF0-B00A-A3AF24DA9E42}.Release|Any CPU.Build.0 = Release|Any CPU
		{D44F396E-F22C-4F7B-96F3-A95242D6239D}.Debug|Any CPU.ActiveCfg = Debug|Any CPU
		{D44F396E-F22C-4F7B-96F3-A95242D6239D}.Debug|Any CPU.Build.0 = Debug|Any CPU
		{D44F396E-F22C-4F7B-96F3-A95242D6239D}.Release|Any CPU.ActiveCfg = Release|Any CPU
		{D44F396E-F22C-4F7B-96F3-A95242D6239D}.Release|Any CPU.Build.0 = Release|Any CPU
		{FC7FE652-96BB-47E2-8498-4BEAC3259FAD}.Debug|Any CPU.ActiveCfg = Debug|Any CPU
		{FC7FE652-96BB-47E2-8498-4BEAC3259FAD}.Debug|Any CPU.Build.0 = Debug|Any CPU
		{FC7FE652-96BB-47E2-8498-4BEAC3259FAD}.Release|Any CPU.ActiveCfg = Release|Any CPU
		{FC7FE652-96BB-47E2-8498-4BEAC3259FAD}.Release|Any CPU.Build.0 = Release|Any CPU
		{EAF99E49-0953-4B57-AF51-8015A415A332}.Debug|Any CPU.ActiveCfg = Debug|Any CPU
		{EAF99E49-0953-4B57-AF51-8015A415A332}.Debug|Any CPU.Build.0 = Debug|Any CPU
		{EAF99E49-0953-4B57-AF51-8015A415A332}.Release|Any CPU.ActiveCfg = Release|Any CPU
		{EAF99E49-0953-4B57-AF51-8015A415A332}.Release|Any CPU.Build.0 = Release|Any CPU
		{DBEC5215-9D5B-48E4-9745-4D522BFAF103}.Debug|Any CPU.ActiveCfg = Debug|Any CPU
		{DBEC5215-9D5B-48E4-9745-4D522BFAF103}.Debug|Any CPU.Build.0 = Debug|Any CPU
		{DBEC5215-9D5B-48E4-9745-4D522BFAF103}.Release|Any CPU.ActiveCfg = Release|Any CPU
		{DBEC5215-9D5B-48E4-9745-4D522BFAF103}.Release|Any CPU.Build.0 = Release|Any CPU
		{80862B89-C452-40B3-B53E-CB13B0715FE4}.Debug|Any CPU.ActiveCfg = Debug|Any CPU
		{80862B89-C452-40B3-B53E-CB13B0715FE4}.Debug|Any CPU.Build.0 = Debug|Any CPU
		{80862B89-C452-40B3-B53E-CB13B0715FE4}.Release|Any CPU.ActiveCfg = Release|Any CPU
		{80862B89-C452-40B3-B53E-CB13B0715FE4}.Release|Any CPU.Build.0 = Release|Any CPU
		{C776FA74-CBD6-42AF-AA71-58B29844B3BB}.Debug|Any CPU.ActiveCfg = Debug|Any CPU
		{C776FA74-CBD6-42AF-AA71-58B29844B3BB}.Debug|Any CPU.Build.0 = Debug|Any CPU
		{C776FA74-CBD6-42AF-AA71-58B29844B3BB}.Release|Any CPU.ActiveCfg = Release|Any CPU
		{C776FA74-CBD6-42AF-AA71-58B29844B3BB}.Release|Any CPU.Build.0 = Release|Any CPU
		{AE90B80B-CCBC-4BA2-BCE5-F1EA9A4628EB}.Debug|Any CPU.ActiveCfg = Debug|Any CPU
		{AE90B80B-CCBC-4BA2-BCE5-F1EA9A4628EB}.Debug|Any CPU.Build.0 = Debug|Any CPU
		{AE90B80B-CCBC-4BA2-BCE5-F1EA9A4628EB}.Release|Any CPU.ActiveCfg = Release|Any CPU
		{AE90B80B-CCBC-4BA2-BCE5-F1EA9A4628EB}.Release|Any CPU.Build.0 = Release|Any CPU
	EndGlobalSection
EndGlobal
